// !$*UTF8*$!
{
	archiveVersion = 1;
	classes = {
	};
	objectVersion = 56;
	objects = {

/* Begin PBXBuildFile section */
		CBC2ECA22971D27C00A4A178 /* Theme.swift in Sources */ = {isa = PBXBuildFile; fileRef = CBC2ECA12971D27C00A4A178 /* Theme.swift */; };
		CBC2ECA42971D40600A4A178 /* DailyScrum.swift in Sources */ = {isa = PBXBuildFile; fileRef = CBC2ECA32971D40600A4A178 /* DailyScrum.swift */; };
		CBC2ECA62971D62B00A4A178 /* CardView.swift in Sources */ = {isa = PBXBuildFile; fileRef = CBC2ECA52971D62B00A4A178 /* CardView.swift */; };
		CBC2ECA82971D9FB00A4A178 /* TrailingIconLabelStyle.swift in Sources */ = {isa = PBXBuildFile; fileRef = CBC2ECA72971D9FB00A4A178 /* TrailingIconLabelStyle.swift */; };
		CBC2ECAA2971DDA600A4A178 /* ScrumsView.swift in Sources */ = {isa = PBXBuildFile; fileRef = CBC2ECA92971DDA600A4A178 /* ScrumsView.swift */; };
		CBC2ECAC2974778700A4A178 /* DetailView.swift in Sources */ = {isa = PBXBuildFile; fileRef = CBC2ECAB2974778700A4A178 /* DetailView.swift */; };
		CBC2ECAE2976837900A4A178 /* DetailEditView.swift in Sources */ = {isa = PBXBuildFile; fileRef = CBC2ECAD2976837900A4A178 /* DetailEditView.swift */; };
		CBC2ECB0297690F300A4A178 /* ThemeView.swift in Sources */ = {isa = PBXBuildFile; fileRef = CBC2ECAF297690F300A4A178 /* ThemeView.swift */; };
		CBC2ECB22976921E00A4A178 /* ThemePicker.swift in Sources */ = {isa = PBXBuildFile; fileRef = CBC2ECB12976921E00A4A178 /* ThemePicker.swift */; };
		CBC2ECB42976A65100A4A178 /* MeetingHeaderView.swift in Sources */ = {isa = PBXBuildFile; fileRef = CBC2ECB32976A65100A4A178 /* MeetingHeaderView.swift */; };
		CBC2ECB62976AD6C00A4A178 /* ScrumProgressViewStyle.swift in Sources */ = {isa = PBXBuildFile; fileRef = CBC2ECB52976AD6C00A4A178 /* ScrumProgressViewStyle.swift */; };
		CBC2ECBA2976B44C00A4A178 /* ScrumTimer.swift in Sources */ = {isa = PBXBuildFile; fileRef = CBC2ECB92976B44C00A4A178 /* ScrumTimer.swift */; };
		CBC2ECBC2976C50A00A4A178 /* MeetingFooterView.swift in Sources */ = {isa = PBXBuildFile; fileRef = CBC2ECBB2976C50A00A4A178 /* MeetingFooterView.swift */; };
		CBC2ECBF2976C98400A4A178 /* ding.wav in Resources */ = {isa = PBXBuildFile; fileRef = CBC2ECBE2976C98400A4A178 /* ding.wav */; };
		CBC2ECC12976C9D500A4A178 /* AVPlayer.swift in Sources */ = {isa = PBXBuildFile; fileRef = CBC2ECC02976C9D500A4A178 /* AVPlayer.swift */; };
		CBC2ECC72976E7C900A4A178 /* History.swift in Sources */ = {isa = PBXBuildFile; fileRef = CBC2ECC62976E7C900A4A178 /* History.swift */; };
		CBC2ECC92976F45100A4A178 /* ScrumStore.swift in Sources */ = {isa = PBXBuildFile; fileRef = CBC2ECC82976F45100A4A178 /* ScrumStore.swift */; };
		CBC2ECCB2977D29E00A4A178 /* ErrorWrapper.swift in Sources */ = {isa = PBXBuildFile; fileRef = CBC2ECCA2977D29E00A4A178 /* ErrorWrapper.swift */; };
		CBC2ECCD2977D33A00A4A178 /* ErrorView.swift in Sources */ = {isa = PBXBuildFile; fileRef = CBC2ECCC2977D33A00A4A178 /* ErrorView.swift */; };
		CBC2ECCF2977E94900A4A178 /* MeetingTimerView.swift in Sources */ = {isa = PBXBuildFile; fileRef = CBC2ECCE2977E94900A4A178 /* MeetingTimerView.swift */; };
		CBC2ECD82977F32200A4A178 /* SpeakerArc.swift in Sources */ = {isa = PBXBuildFile; fileRef = CBC2ECD72977F32200A4A178 /* SpeakerArc.swift */; };
		CBD1F7AE2971CC2C0097B5FE /* ScrumdingerApp.swift in Sources */ = {isa = PBXBuildFile; fileRef = CBD1F7AD2971CC2C0097B5FE /* ScrumdingerApp.swift */; };
		CBD1F7B02971CC2C0097B5FE /* MeetingView.swift in Sources */ = {isa = PBXBuildFile; fileRef = CBD1F7AF2971CC2C0097B5FE /* MeetingView.swift */; };
		CBD1F7B22971CC2E0097B5FE /* Assets.xcassets in Resources */ = {isa = PBXBuildFile; fileRef = CBD1F7B12971CC2E0097B5FE /* Assets.xcassets */; };
		CBD1F7B52971CC2E0097B5FE /* Preview Assets.xcassets in Resources */ = {isa = PBXBuildFile; fileRef = CBD1F7B42971CC2E0097B5FE /* Preview Assets.xcassets */; };
/* End PBXBuildFile section */

/* Begin PBXFileReference section */
		CBC2ECA12971D27C00A4A178 /* Theme.swift */ = {isa = PBXFileReference; lastKnownFileType = sourcecode.swift; path = Theme.swift; sourceTree = "<group>"; };
		CBC2ECA32971D40600A4A178 /* DailyScrum.swift */ = {isa = PBXFileReference; lastKnownFileType = sourcecode.swift; path = DailyScrum.swift; sourceTree = "<group>"; };
		CBC2ECA52971D62B00A4A178 /* CardView.swift */ = {isa = PBXFileReference; lastKnownFileType = sourcecode.swift; path = CardView.swift; sourceTree = "<group>"; };
		CBC2ECA72971D9FB00A4A178 /* TrailingIconLabelStyle.swift */ = {isa = PBXFileReference; lastKnownFileType = sourcecode.swift; path = TrailingIconLabelStyle.swift; sourceTree = "<group>"; };
		CBC2ECA92971DDA600A4A178 /* ScrumsView.swift */ = {isa = PBXFileReference; lastKnownFileType = sourcecode.swift; path = ScrumsView.swift; sourceTree = "<group>"; };
		CBC2ECAB2974778700A4A178 /* DetailView.swift */ = {isa = PBXFileReference; lastKnownFileType = sourcecode.swift; path = DetailView.swift; sourceTree = "<group>"; };
		CBC2ECAD2976837900A4A178 /* DetailEditView.swift */ = {isa = PBXFileReference; lastKnownFileType = sourcecode.swift; path = DetailEditView.swift; sourceTree = "<group>"; };
		CBC2ECAF297690F300A4A178 /* ThemeView.swift */ = {isa = PBXFileReference; lastKnownFileType = sourcecode.swift; path = ThemeView.swift; sourceTree = "<group>"; };
		CBC2ECB12976921E00A4A178 /* ThemePicker.swift */ = {isa = PBXFileReference; lastKnownFileType = sourcecode.swift; path = ThemePicker.swift; sourceTree = "<group>"; };
		CBC2ECB32976A65100A4A178 /* MeetingHeaderView.swift */ = {isa = PBXFileReference; lastKnownFileType = sourcecode.swift; path = MeetingHeaderView.swift; sourceTree = "<group>"; };
		CBC2ECB52976AD6C00A4A178 /* ScrumProgressViewStyle.swift */ = {isa = PBXFileReference; lastKnownFileType = sourcecode.swift; path = ScrumProgressViewStyle.swift; sourceTree = "<group>"; };
		CBC2ECB92976B44C00A4A178 /* ScrumTimer.swift */ = {isa = PBXFileReference; lastKnownFileType = sourcecode.swift; path = ScrumTimer.swift; sourceTree = "<group>"; };
		CBC2ECBB2976C50A00A4A178 /* MeetingFooterView.swift */ = {isa = PBXFileReference; lastKnownFileType = sourcecode.swift; path = MeetingFooterView.swift; sourceTree = "<group>"; };
		CBC2ECBE2976C98400A4A178 /* ding.wav */ = {isa = PBXFileReference; lastKnownFileType = audio.wav; path = ding.wav; sourceTree = "<group>"; };
		CBC2ECC02976C9D500A4A178 /* AVPlayer.swift */ = {isa = PBXFileReference; lastKnownFileType = sourcecode.swift; path = AVPlayer.swift; sourceTree = "<group>"; };
		CBC2ECC62976E7C900A4A178 /* History.swift */ = {isa = PBXFileReference; lastKnownFileType = sourcecode.swift; path = History.swift; sourceTree = "<group>"; };
		CBC2ECC82976F45100A4A178 /* ScrumStore.swift */ = {isa = PBXFileReference; lastKnownFileType = sourcecode.swift; path = ScrumStore.swift; sourceTree = "<group>"; };
		CBC2ECCA2977D29E00A4A178 /* ErrorWrapper.swift */ = {isa = PBXFileReference; lastKnownFileType = sourcecode.swift; path = ErrorWrapper.swift; sourceTree = "<group>"; };
		CBC2ECCC2977D33A00A4A178 /* ErrorView.swift */ = {isa = PBXFileReference; lastKnownFileType = sourcecode.swift; path = ErrorView.swift; sourceTree = "<group>"; };
		CBC2ECCE2977E94900A4A178 /* MeetingTimerView.swift */ = {isa = PBXFileReference; lastKnownFileType = sourcecode.swift; path = MeetingTimerView.swift; sourceTree = "<group>"; };
		CBC2ECD72977F32200A4A178 /* SpeakerArc.swift */ = {isa = PBXFileReference; lastKnownFileType = sourcecode.swift; path = SpeakerArc.swift; sourceTree = "<group>"; };
		CBD1F7AA2971CC2C0097B5FE /* Scrumdinger.app */ = {isa = PBXFileReference; explicitFileType = wrapper.application; includeInIndex = 0; path = Scrumdinger.app; sourceTree = BUILT_PRODUCTS_DIR; };
		CBD1F7AD2971CC2C0097B5FE /* ScrumdingerApp.swift */ = {isa = PBXFileReference; lastKnownFileType = sourcecode.swift; path = ScrumdingerApp.swift; sourceTree = "<group>"; };
		CBD1F7AF2971CC2C0097B5FE /* MeetingView.swift */ = {isa = PBXFileReference; lastKnownFileType = sourcecode.swift; path = MeetingView.swift; sourceTree = "<group>"; };
		CBD1F7B12971CC2E0097B5FE /* Assets.xcassets */ = {isa = PBXFileReference; lastKnownFileType = folder.assetcatalog; path = Assets.xcassets; sourceTree = "<group>"; };
		CBD1F7B42971CC2E0097B5FE /* Preview Assets.xcassets */ = {isa = PBXFileReference; lastKnownFileType = folder.assetcatalog; path = "Preview Assets.xcassets"; sourceTree = "<group>"; };
/* End PBXFileReference section */

/* Begin PBXFrameworksBuildPhase section */
		CBD1F7A72971CC2C0097B5FE /* Frameworks */ = {
			isa = PBXFrameworksBuildPhase;
			buildActionMask = 2147483647;
			files = (
			);
			runOnlyForDeploymentPostprocessing = 0;
		};
/* End PBXFrameworksBuildPhase section */

/* Begin PBXGroup section */
		CBC2ECA02971D26A00A4A178 /* Models */ = {
			isa = PBXGroup;
			children = (
				CBC2ECB92976B44C00A4A178 /* ScrumTimer.swift */,
				CBC2ECA12971D27C00A4A178 /* Theme.swift */,
				CBC2ECA32971D40600A4A178 /* DailyScrum.swift */,
				CBC2ECC02976C9D500A4A178 /* AVPlayer.swift */,
				CBC2ECC62976E7C900A4A178 /* History.swift */,
				CBC2ECC82976F45100A4A178 /* ScrumStore.swift */,
				CBC2ECCA2977D29E00A4A178 /* ErrorWrapper.swift */,
			);
			path = Models;
			sourceTree = "<group>";
		};
		CBC2ECBD2976C98400A4A178 /* Resources */ = {
			isa = PBXGroup;
			children = (
				CBC2ECBE2976C98400A4A178 /* ding.wav */,
			);
			path = Resources;
			sourceTree = "<group>";
		};
		CBC2ECD02977F0C100A4A178 /* MeetingView */ = {
			isa = PBXGroup;
			children = (
				CBC2ECB52976AD6C00A4A178 /* ScrumProgressViewStyle.swift */,
				CBC2ECBB2976C50A00A4A178 /* MeetingFooterView.swift */,
				CBC2ECB32976A65100A4A178 /* MeetingHeaderView.swift */,
				CBC2ECCE2977E94900A4A178 /* MeetingTimerView.swift */,
				CBC2ECD72977F32200A4A178 /* SpeakerArc.swift */,
			);
			path = MeetingView;
			sourceTree = "<group>";
		};
		CBC2ECD12977F17000A4A178 /* DetailView */ = {
			isa = PBXGroup;
			children = (
				CBC2ECAF297690F300A4A178 /* ThemeView.swift */,
				CBC2ECB12976921E00A4A178 /* ThemePicker.swift */,
				CBC2ECAD2976837900A4A178 /* DetailEditView.swift */,
			);
			path = DetailView;
			sourceTree = "<group>";
		};
		CBC2ECD22977F19900A4A178 /* ScrumsView */ = {
			isa = PBXGroup;
			children = (
				CBC2ECAB2974778700A4A178 /* DetailView.swift */,
				CBD1F7AF2971CC2C0097B5FE /* MeetingView.swift */,
				CBC2ECA52971D62B00A4A178 /* CardView.swift */,
				CBC2ECCC2977D33A00A4A178 /* ErrorView.swift */,
				CBC2ECA72971D9FB00A4A178 /* TrailingIconLabelStyle.swift */,
				CBC2ECD02977F0C100A4A178 /* MeetingView */,
				CBC2ECD12977F17000A4A178 /* DetailView */,
			);
			path = ScrumsView;
			sourceTree = "<group>";
		};
		CBD1F7A12971CC2C0097B5FE = {
			isa = PBXGroup;
			children = (
				CBD1F7AC2971CC2C0097B5FE /* Scrumdinger */,
				CBD1F7AB2971CC2C0097B5FE /* Products */,
			);
			sourceTree = "<group>";
		};
		CBD1F7AB2971CC2C0097B5FE /* Products */ = {
			isa = PBXGroup;
			children = (
				CBD1F7AA2971CC2C0097B5FE /* Scrumdinger.app */,
			);
			name = Products;
			sourceTree = "<group>";
		};
		CBD1F7AC2971CC2C0097B5FE /* Scrumdinger */ = {
			isa = PBXGroup;
			children = (
				CBD1F7AD2971CC2C0097B5FE /* ScrumdingerApp.swift */,
				CBC2ECA92971DDA600A4A178 /* ScrumsView.swift */,
				CBC2ECD22977F19900A4A178 /* ScrumsView */,
				CBC2ECA02971D26A00A4A178 /* Models */,
				CBC2ECBD2976C98400A4A178 /* Resources */,
				CBD1F7B12971CC2E0097B5FE /* Assets.xcassets */,
				CBD1F7B32971CC2E0097B5FE /* Preview Content */,
			);
			path = Scrumdinger;
			sourceTree = "<group>";
		};
		CBD1F7B32971CC2E0097B5FE /* Preview Content */ = {
			isa = PBXGroup;
			children = (
				CBD1F7B42971CC2E0097B5FE /* Preview Assets.xcassets */,
			);
			path = "Preview Content";
			sourceTree = "<group>";
		};
/* End PBXGroup section */

/* Begin PBXNativeTarget section */
		CBD1F7A92971CC2C0097B5FE /* Scrumdinger */ = {
			isa = PBXNativeTarget;
			buildConfigurationList = CBD1F7B82971CC2E0097B5FE /* Build configuration list for PBXNativeTarget "Scrumdinger" */;
			buildPhases = (
				CBD1F7A62971CC2C0097B5FE /* Sources */,
				CBD1F7A72971CC2C0097B5FE /* Frameworks */,
				CBD1F7A82971CC2C0097B5FE /* Resources */,
			);
			buildRules = (
			);
			dependencies = (
			);
			name = Scrumdinger;
			productName = Scrumdinger;
			productReference = CBD1F7AA2971CC2C0097B5FE /* Scrumdinger.app */;
			productType = "com.apple.product-type.application";
		};
/* End PBXNativeTarget section */

/* Begin PBXProject section */
		CBD1F7A22971CC2C0097B5FE /* Project object */ = {
			isa = PBXProject;
			attributes = {
				BuildIndependentTargetsInParallel = 1;
				LastSwiftUpdateCheck = 1420;
				LastUpgradeCheck = 1420;
				TargetAttributes = {
					CBD1F7A92971CC2C0097B5FE = {
						CreatedOnToolsVersion = 14.2;
					};
				};
			};
			buildConfigurationList = CBD1F7A52971CC2C0097B5FE /* Build configuration list for PBXProject "Scrumdinger" */;
			compatibilityVersion = "Xcode 14.0";
			developmentRegion = en;
			hasScannedForEncodings = 0;
			knownRegions = (
				en,
				Base,
			);
			mainGroup = CBD1F7A12971CC2C0097B5FE;
			productRefGroup = CBD1F7AB2971CC2C0097B5FE /* Products */;
			projectDirPath = "";
			projectRoot = "";
			targets = (
				CBD1F7A92971CC2C0097B5FE /* Scrumdinger */,
			);
		};
/* End PBXProject section */

/* Begin PBXResourcesBuildPhase section */
		CBD1F7A82971CC2C0097B5FE /* Resources */ = {
			isa = PBXResourcesBuildPhase;
			buildActionMask = 2147483647;
			files = (
				CBC2ECBF2976C98400A4A178 /* ding.wav in Resources */,
				CBD1F7B52971CC2E0097B5FE /* Preview Assets.xcassets in Resources */,
				CBD1F7B22971CC2E0097B5FE /* Assets.xcassets in Resources */,
			);
			runOnlyForDeploymentPostprocessing = 0;
		};
/* End PBXResourcesBuildPhase section */

/* Begin PBXSourcesBuildPhase section */
		CBD1F7A62971CC2C0097B5FE /* Sources */ = {
			isa = PBXSourcesBuildPhase;
			buildActionMask = 2147483647;
			files = (
				CBC2ECC72976E7C900A4A178 /* History.swift in Sources */,
				CBC2ECB22976921E00A4A178 /* ThemePicker.swift in Sources */,
				CBC2ECB62976AD6C00A4A178 /* ScrumProgressViewStyle.swift in Sources */,
				CBC2ECBC2976C50A00A4A178 /* MeetingFooterView.swift in Sources */,
				CBC2ECC92976F45100A4A178 /* ScrumStore.swift in Sources */,
				CBC2ECBA2976B44C00A4A178 /* ScrumTimer.swift in Sources */,
				CBC2ECA42971D40600A4A178 /* DailyScrum.swift in Sources */,
				CBC2ECAE2976837900A4A178 /* DetailEditView.swift in Sources */,
				CBC2ECB42976A65100A4A178 /* MeetingHeaderView.swift in Sources */,
				CBC2ECCF2977E94900A4A178 /* MeetingTimerView.swift in Sources */,
				CBC2ECAC2974778700A4A178 /* DetailView.swift in Sources */,
				CBC2ECCB2977D29E00A4A178 /* ErrorWrapper.swift in Sources */,
				CBC2ECA82971D9FB00A4A178 /* TrailingIconLabelStyle.swift in Sources */,
				CBC2ECA22971D27C00A4A178 /* Theme.swift in Sources */,
				CBC2ECAA2971DDA600A4A178 /* ScrumsView.swift in Sources */,
				CBD1F7B02971CC2C0097B5FE /* MeetingView.swift in Sources */,
				CBC2ECCD2977D33A00A4A178 /* ErrorView.swift in Sources */,
				CBD1F7AE2971CC2C0097B5FE /* ScrumdingerApp.swift in Sources */,
				CBC2ECC12976C9D500A4A178 /* AVPlayer.swift in Sources */,
				CBC2ECB0297690F300A4A178 /* ThemeView.swift in Sources */,
				CBC2ECD82977F32200A4A178 /* SpeakerArc.swift in Sources */,
				CBC2ECA62971D62B00A4A178 /* CardView.swift in Sources */,
			);
			runOnlyForDeploymentPostprocessing = 0;
		};
/* End PBXSourcesBuildPhase section */

/* Begin XCBuildConfiguration section */
		CBD1F7B62971CC2E0097B5FE /* Debug */ = {
			isa = XCBuildConfiguration;
			buildSettings = {
				ALWAYS_SEARCH_USER_PATHS = NO;
				CLANG_ANALYZER_NONNULL = YES;
				CLANG_ANALYZER_NUMBER_OBJECT_CONVERSION = YES_AGGRESSIVE;
				CLANG_CXX_LANGUAGE_STANDARD = "gnu++20";
				CLANG_ENABLE_MODULES = YES;
				CLANG_ENABLE_OBJC_ARC = YES;
				CLANG_ENABLE_OBJC_WEAK = YES;
				CLANG_WARN_BLOCK_CAPTURE_AUTORELEASING = YES;
				CLANG_WARN_BOOL_CONVERSION = YES;
				CLANG_WARN_COMMA = YES;
				CLANG_WARN_CONSTANT_CONVERSION = YES;
				CLANG_WARN_DEPRECATED_OBJC_IMPLEMENTATIONS = YES;
				CLANG_WARN_DIRECT_OBJC_ISA_USAGE = YES_ERROR;
				CLANG_WARN_DOCUMENTATION_COMMENTS = YES;
				CLANG_WARN_EMPTY_BODY = YES;
				CLANG_WARN_ENUM_CONVERSION = YES;
				CLANG_WARN_INFINITE_RECURSION = YES;
				CLANG_WARN_INT_CONVERSION = YES;
				CLANG_WARN_NON_LITERAL_NULL_CONVERSION = YES;
				CLANG_WARN_OBJC_IMPLICIT_RETAIN_SELF = YES;
				CLANG_WARN_OBJC_LITERAL_CONVERSION = YES;
				CLANG_WARN_OBJC_ROOT_CLASS = YES_ERROR;
				CLANG_WARN_QUOTED_INCLUDE_IN_FRAMEWORK_HEADER = YES;
				CLANG_WARN_RANGE_LOOP_ANALYSIS = YES;
				CLANG_WARN_STRICT_PROTOTYPES = YES;
				CLANG_WARN_SUSPICIOUS_MOVE = YES;
				CLANG_WARN_UNGUARDED_AVAILABILITY = YES_AGGRESSIVE;
				CLANG_WARN_UNREACHABLE_CODE = YES;
				CLANG_WARN__DUPLICATE_METHOD_MATCH = YES;
				COPY_PHASE_STRIP = NO;
				DEBUG_INFORMATION_FORMAT = dwarf;
				ENABLE_STRICT_OBJC_MSGSEND = YES;
				ENABLE_TESTABILITY = YES;
				GCC_C_LANGUAGE_STANDARD = gnu11;
				GCC_DYNAMIC_NO_PIC = NO;
				GCC_NO_COMMON_BLOCKS = YES;
				GCC_OPTIMIZATION_LEVEL = 0;
				GCC_PREPROCESSOR_DEFINITIONS = (
					"DEBUG=1",
					"$(inherited)",
				);
				GCC_WARN_64_TO_32_BIT_CONVERSION = YES;
				GCC_WARN_ABOUT_RETURN_TYPE = YES_ERROR;
				GCC_WARN_UNDECLARED_SELECTOR = YES;
				GCC_WARN_UNINITIALIZED_AUTOS = YES_AGGRESSIVE;
				GCC_WARN_UNUSED_FUNCTION = YES;
				GCC_WARN_UNUSED_VARIABLE = YES;
				IPHONEOS_DEPLOYMENT_TARGET = 16.2;
				MTL_ENABLE_DEBUG_INFO = INCLUDE_SOURCE;
				MTL_FAST_MATH = YES;
				ONLY_ACTIVE_ARCH = YES;
				SDKROOT = iphoneos;
				SWIFT_ACTIVE_COMPILATION_CONDITIONS = DEBUG;
				SWIFT_OPTIMIZATION_LEVEL = "-Onone";
			};
			name = Debug;
		};
		CBD1F7B72971CC2E0097B5FE /* Release */ = {
			isa = XCBuildConfiguration;
			buildSettings = {
				ALWAYS_SEARCH_USER_PATHS = NO;
				CLANG_ANALYZER_NONNULL = YES;
				CLANG_ANALYZER_NUMBER_OBJECT_CONVERSION = YES_AGGRESSIVE;
				CLANG_CXX_LANGUAGE_STANDARD = "gnu++20";
				CLANG_ENABLE_MODULES = YES;
				CLANG_ENABLE_OBJC_ARC = YES;
				CLANG_ENABLE_OBJC_WEAK = YES;
				CLANG_WARN_BLOCK_CAPTURE_AUTORELEASING = YES;
				CLANG_WARN_BOOL_CONVERSION = YES;
				CLANG_WARN_COMMA = YES;
				CLANG_WARN_CONSTANT_CONVERSION = YES;
				CLANG_WARN_DEPRECATED_OBJC_IMPLEMENTATIONS = YES;
				CLANG_WARN_DIRECT_OBJC_ISA_USAGE = YES_ERROR;
				CLANG_WARN_DOCUMENTATION_COMMENTS = YES;
				CLANG_WARN_EMPTY_BODY = YES;
				CLANG_WARN_ENUM_CONVERSION = YES;
				CLANG_WARN_INFINITE_RECURSION = YES;
				CLANG_WARN_INT_CONVERSION = YES;
				CLANG_WARN_NON_LITERAL_NULL_CONVERSION = YES;
				CLANG_WARN_OBJC_IMPLICIT_RETAIN_SELF = YES;
				CLANG_WARN_OBJC_LITERAL_CONVERSION = YES;
				CLANG_WARN_OBJC_ROOT_CLASS = YES_ERROR;
				CLANG_WARN_QUOTED_INCLUDE_IN_FRAMEWORK_HEADER = YES;
				CLANG_WARN_RANGE_LOOP_ANALYSIS = YES;
				CLANG_WARN_STRICT_PROTOTYPES = YES;
				CLANG_WARN_SUSPICIOUS_MOVE = YES;
				CLANG_WARN_UNGUARDED_AVAILABILITY = YES_AGGRESSIVE;
				CLANG_WARN_UNREACHABLE_CODE = YES;
				CLANG_WARN__DUPLICATE_METHOD_MATCH = YES;
				COPY_PHASE_STRIP = NO;
				DEBUG_INFORMATION_FORMAT = "dwarf-with-dsym";
				ENABLE_NS_ASSERTIONS = NO;
				ENABLE_STRICT_OBJC_MSGSEND = YES;
				GCC_C_LANGUAGE_STANDARD = gnu11;
				GCC_NO_COMMON_BLOCKS = YES;
				GCC_WARN_64_TO_32_BIT_CONVERSION = YES;
				GCC_WARN_ABOUT_RETURN_TYPE = YES_ERROR;
				GCC_WARN_UNDECLARED_SELECTOR = YES;
				GCC_WARN_UNINITIALIZED_AUTOS = YES_AGGRESSIVE;
				GCC_WARN_UNUSED_FUNCTION = YES;
				GCC_WARN_UNUSED_VARIABLE = YES;
				IPHONEOS_DEPLOYMENT_TARGET = 16.2;
				MTL_ENABLE_DEBUG_INFO = NO;
				MTL_FAST_MATH = YES;
				SDKROOT = iphoneos;
				SWIFT_COMPILATION_MODE = wholemodule;
				SWIFT_OPTIMIZATION_LEVEL = "-O";
				VALIDATE_PRODUCT = YES;
			};
			name = Release;
		};
		CBD1F7B92971CC2E0097B5FE /* Debug */ = {
			isa = XCBuildConfiguration;
			buildSettings = {
				ASSETCATALOG_COMPILER_APPICON_NAME = AppIcon;
				ASSETCATALOG_COMPILER_GLOBAL_ACCENT_COLOR_NAME = AccentColor;
				CODE_SIGN_STYLE = Automatic;
				CURRENT_PROJECT_VERSION = 1;
				DEVELOPMENT_ASSET_PATHS = "\"Scrumdinger/Preview Content\"";
				DEVELOPMENT_TEAM = BF9955PJ9F;
				ENABLE_PREVIEWS = YES;
				GENERATE_INFOPLIST_FILE = YES;
				INFOPLIST_KEY_UIApplicationSceneManifest_Generation = YES;
				INFOPLIST_KEY_UIApplicationSupportsIndirectInputEvents = YES;
				INFOPLIST_KEY_UILaunchScreen_Generation = YES;
				INFOPLIST_KEY_UISupportedInterfaceOrientations_iPad = "UIInterfaceOrientationPortrait UIInterfaceOrientationPortraitUpsideDown UIInterfaceOrientationLandscapeLeft UIInterfaceOrientationLandscapeRight";
				INFOPLIST_KEY_UISupportedInterfaceOrientations_iPhone = "UIInterfaceOrientationPortrait UIInterfaceOrientationLandscapeLeft UIInterfaceOrientationLandscapeRight";
				IPHONEOS_DEPLOYMENT_TARGET = 16.2;
				LD_RUNPATH_SEARCH_PATHS = (
					"$(inherited)",
					"@executable_path/Frameworks",
				);
				MARKETING_VERSION = 1.0;
				PRODUCT_BUNDLE_IDENTIFIER = "Imaev-Dima.Scrumdinger";
				PRODUCT_NAME = "$(TARGET_NAME)";
				SWIFT_EMIT_LOC_STRINGS = YES;
				SWIFT_VERSION = 5.0;
				TARGETED_DEVICE_FAMILY = "1,2";
			};
			name = Debug;
		};
		CBD1F7BA2971CC2E0097B5FE /* Release */ = {
			isa = XCBuildConfiguration;
			buildSettings = {
				ASSETCATALOG_COMPILER_APPICON_NAME = AppIcon;
				ASSETCATALOG_COMPILER_GLOBAL_ACCENT_COLOR_NAME = AccentColor;
				CODE_SIGN_STYLE = Automatic;
				CURRENT_PROJECT_VERSION = 1;
				DEVELOPMENT_ASSET_PATHS = "\"Scrumdinger/Preview Content\"";
				DEVELOPMENT_TEAM = BF9955PJ9F;
				ENABLE_PREVIEWS = YES;
				GENERATE_INFOPLIST_FILE = YES;
				INFOPLIST_KEY_UIApplicationSceneManifest_Generation = YES;
				INFOPLIST_KEY_UIApplicationSupportsIndirectInputEvents = YES;
				INFOPLIST_KEY_UILaunchScreen_Generation = YES;
				INFOPLIST_KEY_UISupportedInterfaceOrientations_iPad = "UIInterfaceOrientationPortrait UIInterfaceOrientationPortraitUpsideDown UIInterfaceOrientationLandscapeLeft UIInterfaceOrientationLandscapeRight";
				INFOPLIST_KEY_UISupportedInterfaceOrientations_iPhone = "UIInterfaceOrientationPortrait UIInterfaceOrientationLandscapeLeft UIInterfaceOrientationLandscapeRight";
				IPHONEOS_DEPLOYMENT_TARGET = 16.2;
				LD_RUNPATH_SEARCH_PATHS = (
					"$(inherited)",
					"@executable_path/Frameworks",
				);
				MARKETING_VERSION = 1.0;
				PRODUCT_BUNDLE_IDENTIFIER = "Imaev-Dima.Scrumdinger";
				PRODUCT_NAME = "$(TARGET_NAME)";
				SWIFT_EMIT_LOC_STRINGS = YES;
				SWIFT_VERSION = 5.0;
				TARGETED_DEVICE_FAMILY = "1,2";
			};
			name = Release;
		};
/* End XCBuildConfiguration section */

/* Begin XCConfigurationList section */
		CBD1F7A52971CC2C0097B5FE /* Build configuration list for PBXProject "Scrumdinger" */ = {
			isa = XCConfigurationList;
			buildConfigurations = (
				CBD1F7B62971CC2E0097B5FE /* Debug */,
				CBD1F7B72971CC2E0097B5FE /* Release */,
			);
			defaultConfigurationIsVisible = 0;
			defaultConfigurationName = Release;
		};
		CBD1F7B82971CC2E0097B5FE /* Build configuration list for PBXNativeTarget "Scrumdinger" */ = {
			isa = XCConfigurationList;
			buildConfigurations = (
				CBD1F7B92971CC2E0097B5FE /* Debug */,
				CBD1F7BA2971CC2E0097B5FE /* Release */,
			);
			defaultConfigurationIsVisible = 0;
			defaultConfigurationName = Release;
		};
/* End XCConfigurationList section */
	};
	rootObject = CBD1F7A22971CC2C0097B5FE /* Project object */;
}
